
Microsoft Visual Studio Solution File, Format Version 12.00
# Visual Studio Version 16
VisualStudioVersion = 16.0.29411.108
MinimumVisualStudioVersion = 10.0.40219.1
Project("{9A19103F-16F7-4668-BE54-9A1E7A4F7556}") = "Tsukuru", "Tsukuru.NetCore\Tsukuru.csproj", "{1329764A-0B4B-4BE5-BFAD-A36BC392459E}"
EndProject
Project("{9A19103F-16F7-4668-BE54-9A1E7A4F7556}") = "Tsukuru.Core.SourceEngine", "Tsukuru.Core.SourceEngine\Tsukuru.Core.SourceEngine.csproj", "{2515A2C9-BBF9-46AF-B0CE-54E8268DC0AD}"
EndProject
Project("{9A19103F-16F7-4668-BE54-9A1E7A4F7556}") = "Tsukuru.Core.SourceEngine.TestApp", "Tsukuru.Core.SourceEngine.TestApp\Tsukuru.Core.SourceEngine.TestApp.csproj", "{57356BA5-EADE-4233-8374-6C7BFB41427A}"
EndProject
Project("{9A19103F-16F7-4668-BE54-9A1E7A4F7556}") = "Tsukuru.Core.Translations", "Tsukuru.Core.Translations\Tsukuru.Core.Translations.csproj", "{2C770EDA-FFF7-4714-84BE-CDCED9FFCC32}"
EndProject
Project("{FAE04EC0-301F-11D3-BF4B-00C04F79EFBC}") = "Tsukuru.UnitTests", "Tsukuru.UnitTests\Tsukuru.UnitTests.csproj", "{6FDDB259-AF3F-49B5-AE2C-326216AE2D46}"
EndProject
Project("{2150E333-8FDC-42A3-9474-1A3956D46DE8}") = "Misc", "Misc", "{58AE92B2-BFDF-45C1-A2F8-990E9C5C7BE8}"
	ProjectSection(SolutionItems) = preProject
		.gitignore = .gitignore
		.github\workflows\ci.yml = .github\workflows\ci.yml
		.github\workflows\release.yml = .github\workflows\release.yml
	EndProjectSection
EndProject
Global
	GlobalSection(SolutionConfigurationPlatforms) = preSolution
		Debug|Any CPU = Debug|Any CPU
		Debug|Mixed Platforms = Debug|Mixed Platforms
		Debug|x86 = Debug|x86
		Release|Any CPU = Release|Any CPU
		Release|Mixed Platforms = Release|Mixed Platforms
		Release|x86 = Release|x86
	EndGlobalSection
	GlobalSection(ProjectConfigurationPlatforms) = postSolution
		{1329764A-0B4B-4BE5-BFAD-A36BC392459E}.Debug|Any CPU.ActiveCfg = Debug|Any CPU
		{1329764A-0B4B-4BE5-BFAD-A36BC392459E}.Debug|Any CPU.Build.0 = Debug|Any CPU
		{1329764A-0B4B-4BE5-BFAD-A36BC392459E}.Debug|Mixed Platforms.ActiveCfg = Debug|Any CPU
		{1329764A-0B4B-4BE5-BFAD-A36BC392459E}.Debug|Mixed Platforms.Build.0 = Debug|Any CPU
		{1329764A-0B4B-4BE5-BFAD-A36BC392459E}.Debug|x86.ActiveCfg = Debug|Any CPU
		{1329764A-0B4B-4BE5-BFAD-A36BC392459E}.Debug|x86.Build.0 = Debug|Any CPU
		{1329764A-0B4B-4BE5-BFAD-A36BC392459E}.Release|Any CPU.ActiveCfg = Release|Any CPU
		{1329764A-0B4B-4BE5-BFAD-A36BC392459E}.Release|Any CPU.Build.0 = Release|Any CPU
		{1329764A-0B4B-4BE5-BFAD-A36BC392459E}.Release|Mixed Platforms.ActiveCfg = Release|Any CPU
		{1329764A-0B4B-4BE5-BFAD-A36BC392459E}.Release|Mixed Platforms.Build.0 = Release|Any CPU
		{1329764A-0B4B-4BE5-BFAD-A36BC392459E}.Release|x86.ActiveCfg = Release|Any CPU
		{1329764A-0B4B-4BE5-BFAD-A36BC392459E}.Release|x86.Build.0 = Release|Any CPU
		{2515A2C9-BBF9-46AF-B0CE-54E8268DC0AD}.Debug|Any CPU.ActiveCfg = Debug|Any CPU
		{2515A2C9-BBF9-46AF-B0CE-54E8268DC0AD}.Debug|Any CPU.Build.0 = Debug|Any CPU
		{2515A2C9-BBF9-46AF-B0CE-54E8268DC0AD}.Debug|Mixed Platforms.ActiveCfg = Debug|Any CPU
		{2515A2C9-BBF9-46AF-B0CE-54E8268DC0AD}.Debug|Mixed Platforms.Build.0 = Debug|Any CPU
		{2515A2C9-BBF9-46AF-B0CE-54E8268DC0AD}.Debug|x86.ActiveCfg = Debug|Any CPU
		{2515A2C9-BBF9-46AF-B0CE-54E8268DC0AD}.Debug|x86.Build.0 = Debug|Any CPU
		{2515A2C9-BBF9-46AF-B0CE-54E8268DC0AD}.Release|Any CPU.ActiveCfg = Release|Any CPU
		{2515A2C9-BBF9-46AF-B0CE-54E8268DC0AD}.Release|Any CPU.Build.0 = Release|Any CPU
		{2515A2C9-BBF9-46AF-B0CE-54E8268DC0AD}.Release|Mixed Platforms.ActiveCfg = Release|Any CPU
		{2515A2C9-BBF9-46AF-B0CE-54E8268DC0AD}.Release|Mixed Platforms.Build.0 = Release|Any CPU
		{2515A2C9-BBF9-46AF-B0CE-54E8268DC0AD}.Release|x86.ActiveCfg = Release|Any CPU
		{2515A2C9-BBF9-46AF-B0CE-54E8268DC0AD}.Release|x86.Build.0 = Release|Any CPU
		{57356BA5-EADE-4233-8374-6C7BFB41427A}.Debug|Any CPU.ActiveCfg = Debug|Any CPU
		{57356BA5-EADE-4233-8374-6C7BFB41427A}.Debug|Any CPU.Build.0 = Debug|Any CPU
		{57356BA5-EADE-4233-8374-6C7BFB41427A}.Debug|Mixed Platforms.ActiveCfg = Debug|Any CPU
		{57356BA5-EADE-4233-8374-6C7BFB41427A}.Debug|Mixed Platforms.Build.0 = Debug|Any CPU
		{57356BA5-EADE-4233-8374-6C7BFB41427A}.Debug|x86.ActiveCfg = Debug|Any CPU
		{57356BA5-EADE-4233-8374-6C7BFB41427A}.Debug|x86.Build.0 = Debug|Any CPU
		{57356BA5-EADE-4233-8374-6C7BFB41427A}.Release|Any CPU.ActiveCfg = Release|Any CPU
		{57356BA5-EADE-4233-8374-6C7BFB41427A}.Release|Any CPU.Build.0 = Release|Any CPU
		{57356BA5-EADE-4233-8374-6C7BFB41427A}.Release|Mixed Platforms.ActiveCfg = Release|Any CPU
		{57356BA5-EADE-4233-8374-6C7BFB41427A}.Release|Mixed Platforms.Build.0 = Release|Any CPU
		{57356BA5-EADE-4233-8374-6C7BFB41427A}.Release|x86.ActiveCfg = Release|Any CPU
		{57356BA5-EADE-4233-8374-6C7BFB41427A}.Release|x86.Build.0 = Release|Any CPU
		{2C770EDA-FFF7-4714-84BE-CDCED9FFCC32}.Debug|Any CPU.ActiveCfg = Debug|Any CPU
		{2C770EDA-FFF7-4714-84BE-CDCED9FFCC32}.Debug|Any CPU.Build.0 = Debug|Any CPU
		{2C770EDA-FFF7-4714-84BE-CDCED9FFCC32}.Debug|Mixed Platforms.ActiveCfg = Debug|Any CPU
		{2C770EDA-FFF7-4714-84BE-CDCED9FFCC32}.Debug|Mixed Platforms.Build.0 = Debug|Any CPU
		{2C770EDA-FFF7-4714-84BE-CDCED9FFCC32}.Debug|x86.ActiveCfg = Debug|Any CPU
		{2C770EDA-FFF7-4714-84BE-CDCED9FFCC32}.Debug|x86.Build.0 = Debug|Any CPU
		{2C770EDA-FFF7-4714-84BE-CDCED9FFCC32}.Release|Any CPU.ActiveCfg = Release|Any CPU
		{2C770EDA-FFF7-4714-84BE-CDCED9FFCC32}.Release|Any CPU.Build.0 = Release|Any CPU
		{2C770EDA-FFF7-4714-84BE-CDCED9FFCC32}.Release|Mixed Platforms.ActiveCfg = Release|Any CPU
		{2C770EDA-FFF7-4714-84BE-CDCED9FFCC32}.Release|Mixed Platforms.Build.0 = Release|Any CPU
		{2C770EDA-FFF7-4714-84BE-CDCED9FFCC32}.Release|x86.ActiveCfg = Release|Any CPU
		{2C770EDA-FFF7-4714-84BE-CDCED9FFCC32}.Release|x86.Build.0 = Release|Any CPU
		{6FDDB259-AF3F-49B5-AE2C-326216AE2D46}.Debug|Any CPU.ActiveCfg = Debug|Any CPU
		{6FDDB259-AF3F-49B5-AE2C-326216AE2D46}.Debug|Any CPU.Build.0 = Debug|Any CPU
		{6FDDB259-AF3F-49B5-AE2C-326216AE2D46}.Debug|Mixed Platforms.ActiveCfg = Debug|Any CPU
		{6FDDB259-AF3F-49B5-AE2C-326216AE2D46}.Debug|Mixed Platforms.Build.0 = Debug|Any CPU
		{6FDDB259-AF3F-49B5-AE2C-326216AE2D46}.Debug|x86.ActiveCfg = Debug|Any CPU
		{6FDDB259-AF3F-49B5-AE2C-326216AE2D46}.Debug|x86.Build.0 = Debug|Any CPU
		{6FDDB259-AF3F-49B5-AE2C-326216AE2D46}.Release|Any CPU.ActiveCfg = Release|Any CPU
		{6FDDB259-AF3F-49B5-AE2C-326216AE2D46}.Release|Any CPU.Build.0 = Release|Any CPU
		{6FDDB259-AF3F-49B5-AE2C-326216AE2D46}.Release|Mixed Platforms.ActiveCfg = Release|Any CPU
		{6FDDB259-AF3F-49B5-AE2C-326216AE2D46}.Release|Mixed Platforms.Build.0 = Release|Any CPU
		{6FDDB259-AF3F-49B5-AE2C-326216AE2D46}.Release|x86.ActiveCfg = Release|Any CPU
		{6FDDB259-AF3F-49B5-AE2C-326216AE2D46}.Release|x86.Build.0 = Release|Any CPU
	EndGlobalSection
	GlobalSection(SolutionProperties) = preSolution
		HideSolutionNode = FALSE
	EndGlobalSection
	GlobalSection(ExtensibilityGlobals) = postSolution
		SolutionGuid = {4FD23426-84DE-442C-B8B5-CF8ACC226DCD}
	EndGlobalSection
EndGlobal
